
Microsoft Visual Studio Solution File, Format Version 12.00
# Visual Studio Version 17
VisualStudioVersion = 17.4.33213.308
MinimumVisualStudioVersion = 10.0.40219.1
Project("{FAE04EC0-301F-11D3-BF4B-00C04F79EFBC}") = "MathQuiz", "MathQuiz\MathQuiz.csproj", "{AD83606B-6EBF-48E5-BBCA-A543062C6AC7}"
EndProject
Global
	GlobalSection(SolutionConfigurationPlatforms) = preSolution
		Debug|Any CPU = Debug|Any CPU
		Release|Any CPU = Release|Any CPU
	EndGlobalSection
	GlobalSection(ProjectConfigurationPlatforms) = postSolution
		{AD83606B-6EBF-48E5-BBCA-A543062C6AC7}.Debug|Any CPU.ActiveCfg = Debug|Any CPU
		{AD83606B-6EBF-48E5-BBCA-A543062C6AC7}.Debug|Any CPU.Build.0 = Debug|Any CPU
		{AD83606B-6EBF-48E5-BBCA-A543062C6AC7}.Release|Any CPU.ActiveCfg = Release|Any CPU
		{AD83606B-6EBF-48E5-BBCA-A543062C6AC7}.Release|Any CPU.Build.0 = Release|Any CPU
	EndGlobalSection
	GlobalSection(SolutionProperties) = preSolution
		HideSolutionNode = FALSE
	EndGlobalSection
	GlobalSection(ExtensibilityGlobals) = postSolution
		SolutionGuid = {30866F83-CCA3-4C64-A70E-8F2EC6D406C3}
	EndGlobalSection
EndGlobal
